
Microsoft Visual Studio Solution File, Format Version 12.00
# Visual Studio Version 17
VisualStudioVersion = 17.9.34616.47
MinimumVisualStudioVersion = 10.0.40219.1
Project("{FAE04EC0-301F-11D3-BF4B-00C04F79EFBC}") = "ej1", "ej1\ej1.csproj", "{84A41A11-A3BD-4073-818C-0512A37CF4D1}"
EndProject
Global
	GlobalSection(SolutionConfigurationPlatforms) = preSolution
		Debug|Any CPU = Debug|Any CPU
		Release|Any CPU = Release|Any CPU
	EndGlobalSection
	GlobalSection(ProjectConfigurationPlatforms) = postSolution
		{84A41A11-A3BD-4073-818C-0512A37CF4D1}.Debug|Any CPU.ActiveCfg = Debug|Any CPU
		{84A41A11-A3BD-4073-818C-0512A37CF4D1}.Debug|Any CPU.Build.0 = Debug|Any CPU
		{84A41A11-A3BD-4073-818C-0512A37CF4D1}.Release|Any CPU.ActiveCfg = Release|Any CPU
		{84A41A11-A3BD-4073-818C-0512A37CF4D1}.Release|Any CPU.Build.0 = Release|Any CPU
	EndGlobalSection
	GlobalSection(SolutionProperties) = preSolution
		HideSolutionNode = FALSE
	EndGlobalSection
	GlobalSection(ExtensibilityGlobals) = postSolution
		SolutionGuid = {B042A276-CC9B-49DD-8F43-46AFFD43F071}
	EndGlobalSection
EndGlobal
